
Microsoft Visual Studio Solution File, Format Version 12.00
# Visual Studio 15
VisualStudioVersion = 15.0.27130.2026
MinimumVisualStudioVersion = 10.0.40219.1
Project("{FAE04EC0-301F-11D3-BF4B-00C04F79EFBC}") = "EF6Console", "EF6Console\EF6Console.csproj", "{B3F2588E-952E-4AF3-AC93-79E1C1E2213F}"
EndProject
Project("{FAE04EC0-301F-11D3-BF4B-00C04F79EFBC}") = "Model", "Model\Model.csproj", "{E00DE7BC-59E6-42A7-A8E6-171EAFFEB733}"
EndProject
Project("{FAE04EC0-301F-11D3-BF4B-00C04F79EFBC}") = "EFContext", "EFContext\EFContext.csproj", "{1E1C20BB-D326-49CF-A749-45368A4968A6}"
EndProject
Project("{FAE04EC0-301F-11D3-BF4B-00C04F79EFBC}") = "EFCore", "EFCore\EFCore.csproj", "{DD9079C4-0593-4089-AA18-C22C1D2A2425}"
EndProject
Project("{FAE04EC0-301F-11D3-BF4B-00C04F79EFBC}") = "EFCoreContext", "EFCoreContext\EFCoreContext.csproj", "{3354AAA3-A52F-4C01-90A8-4825FBAD54F9}"
EndProject
Project("{FAE04EC0-301F-11D3-BF4B-00C04F79EFBC}") = "EFStandartContext", "EFStandartContext\EFStandartContext.csproj", "{27EA6BE6-0BCE-4175-986C-B0A655ECAF67}"
EndProject
Global
	GlobalSection(SolutionConfigurationPlatforms) = preSolution
		Debug|Any CPU = Debug|Any CPU
		Release|Any CPU = Release|Any CPU
	EndGlobalSection
	GlobalSection(ProjectConfigurationPlatforms) = postSolution
		{B3F2588E-952E-4AF3-AC93-79E1C1E2213F}.Debug|Any CPU.ActiveCfg = Debug|Any CPU
		{B3F2588E-952E-4AF3-AC93-79E1C1E2213F}.Debug|Any CPU.Build.0 = Debug|Any CPU
		{B3F2588E-952E-4AF3-AC93-79E1C1E2213F}.Release|Any CPU.ActiveCfg = Release|Any CPU
		{B3F2588E-952E-4AF3-AC93-79E1C1E2213F}.Release|Any CPU.Build.0 = Release|Any CPU
		{E00DE7BC-59E6-42A7-A8E6-171EAFFEB733}.Debug|Any CPU.ActiveCfg = Debug|Any CPU
		{E00DE7BC-59E6-42A7-A8E6-171EAFFEB733}.Debug|Any CPU.Build.0 = Debug|Any CPU
		{E00DE7BC-59E6-42A7-A8E6-171EAFFEB733}.Release|Any CPU.ActiveCfg = Release|Any CPU
		{E00DE7BC-59E6-42A7-A8E6-171EAFFEB733}.Release|Any CPU.Build.0 = Release|Any CPU
		{1E1C20BB-D326-49CF-A749-45368A4968A6}.Debug|Any CPU.ActiveCfg = Debug|Any CPU
		{1E1C20BB-D326-49CF-A749-45368A4968A6}.Debug|Any CPU.Build.0 = Debug|Any CPU
		{1E1C20BB-D326-49CF-A749-45368A4968A6}.Release|Any CPU.ActiveCfg = Release|Any CPU
		{1E1C20BB-D326-49CF-A749-45368A4968A6}.Release|Any CPU.Build.0 = Release|Any CPU
		{DD9079C4-0593-4089-AA18-C22C1D2A2425}.Debug|Any CPU.ActiveCfg = Debug|Any CPU
		{DD9079C4-0593-4089-AA18-C22C1D2A2425}.Debug|Any CPU.Build.0 = Debug|Any CPU
		{DD9079C4-0593-4089-AA18-C22C1D2A2425}.Release|Any CPU.ActiveCfg = Release|Any CPU
		{DD9079C4-0593-4089-AA18-C22C1D2A2425}.Release|Any CPU.Build.0 = Release|Any CPU
		{3354AAA3-A52F-4C01-90A8-4825FBAD54F9}.Debug|Any CPU.ActiveCfg = Debug|Any CPU
		{3354AAA3-A52F-4C01-90A8-4825FBAD54F9}.Debug|Any CPU.Build.0 = Debug|Any CPU
		{3354AAA3-A52F-4C01-90A8-4825FBAD54F9}.Release|Any CPU.ActiveCfg = Release|Any CPU
		{3354AAA3-A52F-4C01-90A8-4825FBAD54F9}.Release|Any CPU.Build.0 = Release|Any CPU
		{27EA6BE6-0BCE-4175-986C-B0A655ECAF67}.Debug|Any CPU.ActiveCfg = Debug|Any CPU
		{27EA6BE6-0BCE-4175-986C-B0A655ECAF67}.Debug|Any CPU.Build.0 = Debug|Any CPU
		{27EA6BE6-0BCE-4175-986C-B0A655ECAF67}.Release|Any CPU.ActiveCfg = Release|Any CPU
		{27EA6BE6-0BCE-4175-986C-B0A655ECAF67}.Release|Any CPU.Build.0 = Release|Any CPU
	EndGlobalSection
	GlobalSection(SolutionProperties) = preSolution
		HideSolutionNode = FALSE
	EndGlobalSection
	GlobalSection(ExtensibilityGlobals) = postSolution
		SolutionGuid = {F0C04232-223F-4C0B-ACC4-65715560C018}
	EndGlobalSection
EndGlobal
